
Microsoft Visual Studio Solution File, Format Version 12.00
# Visual Studio 15
VisualStudioVersion = 15.0.26730.12
MinimumVisualStudioVersion = 10.0.40219.1
Project("{FAE04EC0-301F-11D3-BF4B-00C04F79EFBC}") = "DesignPatternStudy", "DesignPatternStudy\DesignPatternStudy.csproj", "{BE4CA4BB-4C4C-4748-B495-7ACA809C8FC5}"
EndProject
Global
	GlobalSection(SolutionConfigurationPlatforms) = preSolution
		Debug|Any CPU = Debug|Any CPU
		Release|Any CPU = Release|Any CPU
	EndGlobalSection
	GlobalSection(ProjectConfigurationPlatforms) = postSolution
		{BE4CA4BB-4C4C-4748-B495-7ACA809C8FC5}.Debug|Any CPU.ActiveCfg = Debug|Any CPU
		{BE4CA4BB-4C4C-4748-B495-7ACA809C8FC5}.Debug|Any CPU.Build.0 = Debug|Any CPU
		{BE4CA4BB-4C4C-4748-B495-7ACA809C8FC5}.Release|Any CPU.ActiveCfg = Release|Any CPU
		{BE4CA4BB-4C4C-4748-B495-7ACA809C8FC5}.Release|Any CPU.Build.0 = Release|Any CPU
	EndGlobalSection
	GlobalSection(SolutionProperties) = preSolution
		HideSolutionNode = FALSE
	EndGlobalSection
	GlobalSection(ExtensibilityGlobals) = postSolution
		SolutionGuid = {DE88AC00-C5C3-4EEA-B108-FF69EFB4FFA9}
	EndGlobalSection
EndGlobal
